
Microsoft Visual Studio Solution File, Format Version 12.00
# Visual Studio 15
VisualStudioVersion = 15.0.28307.489
MinimumVisualStudioVersion = 10.0.40219.1
Project("{FAE04EC0-301F-11D3-BF4B-00C04F79EFBC}") = "ActivityBot", "ActivityBot\ActivityBot.csproj", "{84088313-8472-41C6-9978-A56AEDFBC7ED}"
EndProject
Global
	GlobalSection(SolutionConfigurationPlatforms) = preSolution
		Debug|Any CPU = Debug|Any CPU
		Release|Any CPU = Release|Any CPU
	EndGlobalSection
	GlobalSection(ProjectConfigurationPlatforms) = postSolution
		{84088313-8472-41C6-9978-A56AEDFBC7ED}.Debug|Any CPU.ActiveCfg = Debug|Any CPU
		{84088313-8472-41C6-9978-A56AEDFBC7ED}.Debug|Any CPU.Build.0 = Debug|Any CPU
		{84088313-8472-41C6-9978-A56AEDFBC7ED}.Release|Any CPU.ActiveCfg = Release|Any CPU
		{84088313-8472-41C6-9978-A56AEDFBC7ED}.Release|Any CPU.Build.0 = Release|Any CPU
	EndGlobalSection
	GlobalSection(SolutionProperties) = preSolution
		HideSolutionNode = FALSE
	EndGlobalSection
	GlobalSection(ExtensibilityGlobals) = postSolution
		SolutionGuid = {D7105F9C-B179-465B-9255-7F6DED5756D8}
	EndGlobalSection
EndGlobal
